
Microsoft Visual Studio Solution File, Format Version 12.00
# Visual Studio 15
VisualStudioVersion = 15.0.28307.539
MinimumVisualStudioVersion = 10.0.40219.1
Project("{FAE04EC0-301F-11D3-BF4B-00C04F79EFBC}") = "Algorithms", "Algorithms\Algorithms.csproj", "{4730E7B0-B823-4A89-8CAC-F8E3CD106160}"
EndProject
Project("{FAE04EC0-301F-11D3-BF4B-00C04F79EFBC}") = "AlgorithmsSort", "AlgorithmsSort\AlgorithmsSort.csproj", "{2B41EB1C-05BF-4E04-98D8-AA282396F5C7}"
EndProject
Global
	GlobalSection(SolutionConfigurationPlatforms) = preSolution
		Debug|Any CPU = Debug|Any CPU
		Release|Any CPU = Release|Any CPU
	EndGlobalSection
	GlobalSection(ProjectConfigurationPlatforms) = postSolution
		{4730E7B0-B823-4A89-8CAC-F8E3CD106160}.Debug|Any CPU.ActiveCfg = Debug|Any CPU
		{4730E7B0-B823-4A89-8CAC-F8E3CD106160}.Debug|Any CPU.Build.0 = Debug|Any CPU
		{4730E7B0-B823-4A89-8CAC-F8E3CD106160}.Release|Any CPU.ActiveCfg = Release|Any CPU
		{4730E7B0-B823-4A89-8CAC-F8E3CD106160}.Release|Any CPU.Build.0 = Release|Any CPU
		{2B41EB1C-05BF-4E04-98D8-AA282396F5C7}.Debug|Any CPU.ActiveCfg = Debug|Any CPU
		{2B41EB1C-05BF-4E04-98D8-AA282396F5C7}.Debug|Any CPU.Build.0 = Debug|Any CPU
		{2B41EB1C-05BF-4E04-98D8-AA282396F5C7}.Release|Any CPU.ActiveCfg = Release|Any CPU
		{2B41EB1C-05BF-4E04-98D8-AA282396F5C7}.Release|Any CPU.Build.0 = Release|Any CPU
	EndGlobalSection
	GlobalSection(SolutionProperties) = preSolution
		HideSolutionNode = FALSE
	EndGlobalSection
	GlobalSection(ExtensibilityGlobals) = postSolution
		SolutionGuid = {6B023221-A0DF-451E-B35C-F2458F9477BD}
	EndGlobalSection
EndGlobal
